
Microsoft Visual Studio Solution File, Format Version 12.00
# Visual Studio 2013
VisualStudioVersion = 12.0.31101.0
MinimumVisualStudioVersion = 10.0.40219.1
Project("{FAE04EC0-301F-11D3-BF4B-00C04F79EFBC}") = "QuickMon", "QuickMon4\QuickMon.csproj", "{4E41A98B-DB1B-46D9-B1BD-4F18852FEF72}"
EndProject
Project("{FAE04EC0-301F-11D3-BF4B-00C04F79EFBC}") = "QuickMonCore", "QuickMon4Core\QuickMonCore.csproj", "{FB528C0F-71B0-4408-B051-BB4385BA6001}"
EndProject
Project("{FAE04EC0-301F-11D3-BF4B-00C04F79EFBC}") = "QuickMonCommonAgents", "QuickMonCommonAgents\QuickMonCommonAgents.csproj", "{0CAB16D3-61D0-4A40-80B3-78A245DB7E22}"
EndProject
Project("{FAE04EC0-301F-11D3-BF4B-00C04F79EFBC}") = "QuickMonUICoreForWinForms", "QuickMonUICoreForWinForms\QuickMonUICoreForWinForms.csproj", "{03204B22-96BC-42C6-A355-6CC29F1C0A2C}"
EndProject
Project("{FAE04EC0-301F-11D3-BF4B-00C04F79EFBC}") = "QuickMonUnitTests", "QuickMonUnitTests\QuickMonUnitTests.csproj", "{DA654684-989C-4EA0-BFAB-32A29FAC1E3E}"
EndProject
Project("{FAE04EC0-301F-11D3-BF4B-00C04F79EFBC}") = "QuickMonService", "QuickMonService\QuickMonService.csproj", "{CD9EED64-763C-4CE5-A23D-D306F34885F2}"
EndProject
Project("{FAE04EC0-301F-11D3-BF4B-00C04F79EFBC}") = "FastColoredTextBox", "FastColoredTextBox\FastColoredTextBox.csproj", "{6DD14A85-CCFC-4774-BD26-0F5772512319}"
EndProject
Project("{FAE04EC0-301F-11D3-BF4B-00C04F79EFBC}") = "QuickMonDBAgents", "QuickMonDBAgents\QuickMonDBAgents.csproj", "{64874B78-7FDE-43E4-9D10-06F93A608D1A}"
EndProject
Project("{2150E333-8FDC-42A3-9474-1A3956D46DE8}") = "Agents", "Agents", "{D1F64D20-CEE9-4B7E-A392-54E1A054228B}"
EndProject
Project("{2150E333-8FDC-42A3-9474-1A3956D46DE8}") = "UI", "UI", "{D5001D47-CCDF-4A28-98ED-5E87159214F1}"
EndProject
Project("{FAE04EC0-301F-11D3-BF4B-00C04F79EFBC}") = "QuickMonDBUIForWinForms", "QuickMonDBUIForWinForms\QuickMonDBUIForWinForms.csproj", "{077105FB-AC8E-45BD-ACAC-EC2AA77EA318}"
EndProject
Project("{FAE04EC0-301F-11D3-BF4B-00C04F79EFBC}") = "QuickMonBizTalkAgents", "QuickMonBizTalkAgents\QuickMonBizTalkAgents.csproj", "{55D2EE1B-6EEC-47A2-87C2-65B44B757553}"
EndProject
Project("{FAE04EC0-301F-11D3-BF4B-00C04F79EFBC}") = "QuickMonBizTalkUIForWinForms", "QuickMonBizTalkUIForWinForms\QuickMonBizTalkUIForWinForms.csproj", "{C971AA1B-E389-4952-ABC5-0E57AB294D2D}"
EndProject
Global
	GlobalSection(TeamFoundationVersionControl) = preSolution
		SccNumberOfProjects = 12
		SccEnterpriseProvider = {4CA58AB2-18FA-4F8D-95D4-32DDF27D184C}
		SccTeamFoundationServer = https://tfs.codeplex.com/tfs/tfs05
		SccLocalPath0 = .
		SccProjectUniqueName1 = QuickMon4\\QuickMon.csproj
		SccProjectName1 = QuickMon4
		SccLocalPath1 = QuickMon4
		SccProjectUniqueName2 = QuickMon4Core\\QuickMonCore.csproj
		SccProjectName2 = QuickMon4Core
		SccLocalPath2 = QuickMon4Core
		SccProjectUniqueName3 = QuickMonCommonAgents\\QuickMonCommonAgents.csproj
		SccProjectTopLevelParentUniqueName3 = QuickMon4.sln
		SccProjectName3 = QuickMonCommonAgents
		SccLocalPath3 = QuickMonCommonAgents
		SccProjectUniqueName4 = QuickMonUICoreForWinForms\\QuickMonUICoreForWinForms.csproj
		SccProjectTopLevelParentUniqueName4 = QuickMon4.sln
		SccProjectName4 = QuickMonUICoreForWinForms
		SccLocalPath4 = QuickMonUICoreForWinForms
		SccProjectUniqueName5 = QuickMonUnitTests\\QuickMonUnitTests.csproj
		SccProjectName5 = QuickMonUnitTests
		SccLocalPath5 = QuickMonUnitTests
		SccProjectUniqueName6 = QuickMonService\\QuickMonService.csproj
		SccProjectName6 = QuickMonService
		SccLocalPath6 = QuickMonService
		SccProjectUniqueName7 = FastColoredTextBox\\FastColoredTextBox.csproj
		SccProjectTopLevelParentUniqueName7 = QuickMon4.sln
		SccProjectName7 = FastColoredTextBox
		SccLocalPath7 = FastColoredTextBox
		SccProjectUniqueName8 = QuickMonDBAgents\\QuickMonDBAgents.csproj
		SccProjectTopLevelParentUniqueName8 = QuickMon4.sln
		SccProjectName8 = QuickMonDBAgents
		SccLocalPath8 = QuickMonDBAgents
		SccProjectUniqueName9 = QuickMonDBUIForWinForms\\QuickMonDBUIForWinForms.csproj
		SccProjectTopLevelParentUniqueName9 = QuickMon4.sln
		SccProjectName9 = QuickMonDBUIForWinForms
		SccLocalPath9 = QuickMonDBUIForWinForms
		SccProjectUniqueName10 = QuickMonBizTalkAgents\\QuickMonBizTalkAgents.csproj
		SccProjectTopLevelParentUniqueName10 = QuickMon4.sln
		SccProjectName10 = QuickMonBizTalkAgents
		SccLocalPath10 = QuickMonBizTalkAgents
		SccProjectUniqueName11 = QuickMonBizTalkUIForWinForms\\QuickMonBizTalkUIForWinForms.csproj
		SccProjectTopLevelParentUniqueName11 = QuickMon4.sln
		SccProjectName11 = QuickMonBizTalkUIForWinForms
		SccLocalPath11 = QuickMonBizTalkUIForWinForms
	EndGlobalSection
	GlobalSection(SolutionConfigurationPlatforms) = preSolution
		Debug|Any CPU = Debug|Any CPU
		Release|Any CPU = Release|Any CPU
	EndGlobalSection
	GlobalSection(ProjectConfigurationPlatforms) = postSolution
		{4E41A98B-DB1B-46D9-B1BD-4F18852FEF72}.Debug|Any CPU.ActiveCfg = Debug|Any CPU
		{4E41A98B-DB1B-46D9-B1BD-4F18852FEF72}.Debug|Any CPU.Build.0 = Debug|Any CPU
		{4E41A98B-DB1B-46D9-B1BD-4F18852FEF72}.Release|Any CPU.ActiveCfg = Release|Any CPU
		{4E41A98B-DB1B-46D9-B1BD-4F18852FEF72}.Release|Any CPU.Build.0 = Release|Any CPU
		{FB528C0F-71B0-4408-B051-BB4385BA6001}.Debug|Any CPU.ActiveCfg = Debug|Any CPU
		{FB528C0F-71B0-4408-B051-BB4385BA6001}.Debug|Any CPU.Build.0 = Debug|Any CPU
		{FB528C0F-71B0-4408-B051-BB4385BA6001}.Release|Any CPU.ActiveCfg = Release|Any CPU
		{FB528C0F-71B0-4408-B051-BB4385BA6001}.Release|Any CPU.Build.0 = Release|Any CPU
		{0CAB16D3-61D0-4A40-80B3-78A245DB7E22}.Debug|Any CPU.ActiveCfg = Debug|Any CPU
		{0CAB16D3-61D0-4A40-80B3-78A245DB7E22}.Debug|Any CPU.Build.0 = Debug|Any CPU
		{0CAB16D3-61D0-4A40-80B3-78A245DB7E22}.Release|Any CPU.ActiveCfg = Release|Any CPU
		{0CAB16D3-61D0-4A40-80B3-78A245DB7E22}.Release|Any CPU.Build.0 = Release|Any CPU
		{03204B22-96BC-42C6-A355-6CC29F1C0A2C}.Debug|Any CPU.ActiveCfg = Debug|Any CPU
		{03204B22-96BC-42C6-A355-6CC29F1C0A2C}.Debug|Any CPU.Build.0 = Debug|Any CPU
		{03204B22-96BC-42C6-A355-6CC29F1C0A2C}.Release|Any CPU.ActiveCfg = Release|Any CPU
		{03204B22-96BC-42C6-A355-6CC29F1C0A2C}.Release|Any CPU.Build.0 = Release|Any CPU
		{DA654684-989C-4EA0-BFAB-32A29FAC1E3E}.Debug|Any CPU.ActiveCfg = Debug|Any CPU
		{DA654684-989C-4EA0-BFAB-32A29FAC1E3E}.Debug|Any CPU.Build.0 = Debug|Any CPU
		{DA654684-989C-4EA0-BFAB-32A29FAC1E3E}.Release|Any CPU.ActiveCfg = Release|Any CPU
		{DA654684-989C-4EA0-BFAB-32A29FAC1E3E}.Release|Any CPU.Build.0 = Release|Any CPU
		{CD9EED64-763C-4CE5-A23D-D306F34885F2}.Debug|Any CPU.ActiveCfg = Debug|Any CPU
		{CD9EED64-763C-4CE5-A23D-D306F34885F2}.Debug|Any CPU.Build.0 = Debug|Any CPU
		{CD9EED64-763C-4CE5-A23D-D306F34885F2}.Release|Any CPU.ActiveCfg = Release|Any CPU
		{CD9EED64-763C-4CE5-A23D-D306F34885F2}.Release|Any CPU.Build.0 = Release|Any CPU
		{6DD14A85-CCFC-4774-BD26-0F5772512319}.Debug|Any CPU.ActiveCfg = Debug|Any CPU
		{6DD14A85-CCFC-4774-BD26-0F5772512319}.Debug|Any CPU.Build.0 = Debug|Any CPU
		{6DD14A85-CCFC-4774-BD26-0F5772512319}.Release|Any CPU.ActiveCfg = Release|Any CPU
		{6DD14A85-CCFC-4774-BD26-0F5772512319}.Release|Any CPU.Build.0 = Release|Any CPU
		{64874B78-7FDE-43E4-9D10-06F93A608D1A}.Debug|Any CPU.ActiveCfg = Debug|Any CPU
		{64874B78-7FDE-43E4-9D10-06F93A608D1A}.Debug|Any CPU.Build.0 = Debug|Any CPU
		{64874B78-7FDE-43E4-9D10-06F93A608D1A}.Release|Any CPU.ActiveCfg = Release|Any CPU
		{64874B78-7FDE-43E4-9D10-06F93A608D1A}.Release|Any CPU.Build.0 = Release|Any CPU
		{077105FB-AC8E-45BD-ACAC-EC2AA77EA318}.Debug|Any CPU.ActiveCfg = Debug|Any CPU
		{077105FB-AC8E-45BD-ACAC-EC2AA77EA318}.Debug|Any CPU.Build.0 = Debug|Any CPU
		{077105FB-AC8E-45BD-ACAC-EC2AA77EA318}.Release|Any CPU.ActiveCfg = Release|Any CPU
		{077105FB-AC8E-45BD-ACAC-EC2AA77EA318}.Release|Any CPU.Build.0 = Release|Any CPU
		{55D2EE1B-6EEC-47A2-87C2-65B44B757553}.Debug|Any CPU.ActiveCfg = Debug|Any CPU
		{55D2EE1B-6EEC-47A2-87C2-65B44B757553}.Debug|Any CPU.Build.0 = Debug|Any CPU
		{55D2EE1B-6EEC-47A2-87C2-65B44B757553}.Release|Any CPU.ActiveCfg = Release|Any CPU
		{55D2EE1B-6EEC-47A2-87C2-65B44B757553}.Release|Any CPU.Build.0 = Release|Any CPU
		{C971AA1B-E389-4952-ABC5-0E57AB294D2D}.Debug|Any CPU.ActiveCfg = Debug|Any CPU
		{C971AA1B-E389-4952-ABC5-0E57AB294D2D}.Debug|Any CPU.Build.0 = Debug|Any CPU
		{C971AA1B-E389-4952-ABC5-0E57AB294D2D}.Release|Any CPU.ActiveCfg = Release|Any CPU
		{C971AA1B-E389-4952-ABC5-0E57AB294D2D}.Release|Any CPU.Build.0 = Release|Any CPU
	EndGlobalSection
	GlobalSection(SolutionProperties) = preSolution
		HideSolutionNode = FALSE
	EndGlobalSection
	GlobalSection(NestedProjects) = preSolution
		{0CAB16D3-61D0-4A40-80B3-78A245DB7E22} = {D1F64D20-CEE9-4B7E-A392-54E1A054228B}
		{03204B22-96BC-42C6-A355-6CC29F1C0A2C} = {D5001D47-CCDF-4A28-98ED-5E87159214F1}
		{6DD14A85-CCFC-4774-BD26-0F5772512319} = {D5001D47-CCDF-4A28-98ED-5E87159214F1}
		{64874B78-7FDE-43E4-9D10-06F93A608D1A} = {D1F64D20-CEE9-4B7E-A392-54E1A054228B}
		{077105FB-AC8E-45BD-ACAC-EC2AA77EA318} = {D5001D47-CCDF-4A28-98ED-5E87159214F1}
		{55D2EE1B-6EEC-47A2-87C2-65B44B757553} = {D1F64D20-CEE9-4B7E-A392-54E1A054228B}
		{C971AA1B-E389-4952-ABC5-0E57AB294D2D} = {D5001D47-CCDF-4A28-98ED-5E87159214F1}
	EndGlobalSection
EndGlobal
