
Microsoft Visual Studio Solution File, Format Version 12.00
# Visual Studio 14
VisualStudioVersion = 14.0.25420.1
MinimumVisualStudioVersion = 10.0.40219.1
Project("{FAE04EC0-301F-11D3-BF4B-00C04F79EFBC}") = "QuickMonCore", "QuickMon5Core\QuickMonCore.csproj", "{BA11F2A5-01DB-4E85-8AEC-B9420D03DC2B}"
EndProject
Project("{2150E333-8FDC-42A3-9474-1A3956D46DE8}") = "Solution Items", "Solution Items", "{9221E5FF-9CA4-45EC-99BE-8A99FA598B02}"
	ProjectSection(SolutionItems) = preProject
		QuickMon5Core\VersionInfo.cs = QuickMon5Core\VersionInfo.cs
	EndProjectSection
EndProject
Project("{FAE04EC0-301F-11D3-BF4B-00C04F79EFBC}") = "QuickMonService", "QuickMonService\QuickMonService.csproj", "{CD9EED64-763C-4CE5-A23D-D306F34885F2}"
EndProject
Project("{FAE04EC0-301F-11D3-BF4B-00C04F79EFBC}") = "QuickMonRemoteHostCMD", "QuickMonRemoteHostCMD\QuickMonRemoteHostCMD.csproj", "{0BE5FD32-1851-4ED0-A972-E1D753AB56E4}"
EndProject
Project("{FAE04EC0-301F-11D3-BF4B-00C04F79EFBC}") = "QuickMonUnitTests", "QuickMon5UnitTests\QuickMonUnitTests.csproj", "{B091A05B-4749-4CE7-86F0-D31D1E690AE6}"
EndProject
Project("{FAE04EC0-301F-11D3-BF4B-00C04F79EFBC}") = "QuickMon5", "QuickMon5\QuickMon5.csproj", "{A3AB65A9-10F1-44C5-A6AF-403B658AF605}"
EndProject
Project("{FAE04EC0-301F-11D3-BF4B-00C04F79EFBC}") = "FastColoredTextBox", "FastColoredTextBox\FastColoredTextBox.csproj", "{6DD14A85-CCFC-4774-BD26-0F5772512319}"
EndProject
Project("{FAE04EC0-301F-11D3-BF4B-00C04F79EFBC}") = "QuickMonCoreUI", "QuickMonCoreUI\QuickMonCoreUI.csproj", "{F38279B6-ED23-4251-A22B-BA9FAC2D7A13}"
EndProject
Global
	GlobalSection(SolutionConfigurationPlatforms) = preSolution
		Debug|Any CPU = Debug|Any CPU
		Release|Any CPU = Release|Any CPU
		Description = QuickMon5
	EndGlobalSection
	GlobalSection(ProjectConfigurationPlatforms) = postSolution
		{BA11F2A5-01DB-4E85-8AEC-B9420D03DC2B}.Debug|Any CPU.ActiveCfg = Debug|Any CPU
		{BA11F2A5-01DB-4E85-8AEC-B9420D03DC2B}.Debug|Any CPU.Build.0 = Debug|Any CPU
		{BA11F2A5-01DB-4E85-8AEC-B9420D03DC2B}.Release|Any CPU.ActiveCfg = Release|Any CPU
		{BA11F2A5-01DB-4E85-8AEC-B9420D03DC2B}.Release|Any CPU.Build.0 = Release|Any CPU
		{CD9EED64-763C-4CE5-A23D-D306F34885F2}.Debug|Any CPU.ActiveCfg = Debug|Any CPU
		{CD9EED64-763C-4CE5-A23D-D306F34885F2}.Debug|Any CPU.Build.0 = Debug|Any CPU
		{CD9EED64-763C-4CE5-A23D-D306F34885F2}.Release|Any CPU.ActiveCfg = Release|Any CPU
		{CD9EED64-763C-4CE5-A23D-D306F34885F2}.Release|Any CPU.Build.0 = Release|Any CPU
		{0BE5FD32-1851-4ED0-A972-E1D753AB56E4}.Debug|Any CPU.ActiveCfg = Debug|Any CPU
		{0BE5FD32-1851-4ED0-A972-E1D753AB56E4}.Debug|Any CPU.Build.0 = Debug|Any CPU
		{0BE5FD32-1851-4ED0-A972-E1D753AB56E4}.Release|Any CPU.ActiveCfg = Release|Any CPU
		{0BE5FD32-1851-4ED0-A972-E1D753AB56E4}.Release|Any CPU.Build.0 = Release|Any CPU
		{B091A05B-4749-4CE7-86F0-D31D1E690AE6}.Debug|Any CPU.ActiveCfg = Debug|Any CPU
		{B091A05B-4749-4CE7-86F0-D31D1E690AE6}.Debug|Any CPU.Build.0 = Debug|Any CPU
		{B091A05B-4749-4CE7-86F0-D31D1E690AE6}.Release|Any CPU.ActiveCfg = Release|Any CPU
		{B091A05B-4749-4CE7-86F0-D31D1E690AE6}.Release|Any CPU.Build.0 = Release|Any CPU
		{A3AB65A9-10F1-44C5-A6AF-403B658AF605}.Debug|Any CPU.ActiveCfg = Debug|Any CPU
		{A3AB65A9-10F1-44C5-A6AF-403B658AF605}.Debug|Any CPU.Build.0 = Debug|Any CPU
		{A3AB65A9-10F1-44C5-A6AF-403B658AF605}.Release|Any CPU.ActiveCfg = Release|Any CPU
		{A3AB65A9-10F1-44C5-A6AF-403B658AF605}.Release|Any CPU.Build.0 = Release|Any CPU
		{6DD14A85-CCFC-4774-BD26-0F5772512319}.Debug|Any CPU.ActiveCfg = Debug|Any CPU
		{6DD14A85-CCFC-4774-BD26-0F5772512319}.Debug|Any CPU.Build.0 = Debug|Any CPU
		{6DD14A85-CCFC-4774-BD26-0F5772512319}.Release|Any CPU.ActiveCfg = Release|Any CPU
		{6DD14A85-CCFC-4774-BD26-0F5772512319}.Release|Any CPU.Build.0 = Release|Any CPU
		{F38279B6-ED23-4251-A22B-BA9FAC2D7A13}.Debug|Any CPU.ActiveCfg = Debug|Any CPU
		{F38279B6-ED23-4251-A22B-BA9FAC2D7A13}.Debug|Any CPU.Build.0 = Debug|Any CPU
		{F38279B6-ED23-4251-A22B-BA9FAC2D7A13}.Release|Any CPU.ActiveCfg = Release|Any CPU
		{F38279B6-ED23-4251-A22B-BA9FAC2D7A13}.Release|Any CPU.Build.0 = Release|Any CPU
	EndGlobalSection
	GlobalSection(SolutionProperties) = preSolution
		HideSolutionNode = FALSE
	EndGlobalSection
EndGlobal
